{
  "lockfile_version": "1",
  "packages": {
    "curl": {
      "resolved": "github:NixOS/nixpkgs/a391f95d4557d685fd8e5dc0d4b1f9271aa2f342#curl",
      "source": "nixpkg"
    },
    "git": {
      "resolved": "github:NixOS/nixpkgs/a391f95d4557d685fd8e5dc0d4b1f9271aa2f342#git",
      "source": "nixpkg"
    },
    "github:NixOS/nixpkgs/nixpkgs-unstable": {
      "last_modified": "2026-09-09T03:01:28Z",
      "resolved": "github:NixOS/nixpkgs/a391f95d4557d685fd8e5dc0d4b1f9271aa2f342?lastModified=1788922888"
    },
    "jq@1.7": {
      "last_modified": "2025-06-18T03:01:18Z",
      "resolved": "github:NixOS/nixpkgs/5395fb3ab3f97b9b7abca147249fa2e8ed27b192#jq",
      "source": "devbox-search",
      "version": "1.7.1",
      "systems": {
        "aarch64-darwin": {
          "outputs": [
            {
              "name": "bin",
              "path": "/nix/store/5v1yqacl2lhgbrzgvbmnxbxah9pdyp2s-jq-1.7.1-bin",
              "default": true
            },
            {
              "name": "man",
              "path": "/nix/store/6zfpzcwd7m5pkf1bd3sdasjv0rxsxvjg-jq-1.7.1-man",
              "default": true
            },
            {
              "name": "dev",
              "path": "/nix/store/12zb2s8cmrbgi53sn09i8vkqr6i462h4-jq-1.7.1-dev"
            },
            {
              "name": "doc",
              "path": "/nix/store/awa9kq3h05l0bpc3gn1gzq4r9rspphsb-jq-1.7.1-doc"
            },
            {
              "name": "out",
              "path": "/nix/store/2vawjsrd9bmavbm7rvsjbnjaf4hbd1bs-jq-1.7.1"
            }
          ],
          "store_path": "/nix/store/5v1yqacl2lhgbrzgvbmnxbxah9pdyp2s-jq-1.7.1-bin"
        },
        "aarch64-linux": {
          "outputs": [
            {
              "name": "bin",
              "path": "/nix/store/j6q3c3rzxhv3rz9y821qylgafi3jbsl8-jq-1.7.1-bin",
              "default": true
            },
            {
              "name": "man",
              "path": "/nix/store/2n2vs2cb0slcj5a4i0l7pyv4fip8s6m9-jq-1.7.1-man",
              "default": true
            },
            {
              "name": "dev",
              "path": "/nix/store/w7n2qywnma4af1m9xqz8y67rq0jn6an2-jq-1.7.1-dev"
            },
            {
              "name": "doc",
              "path": "/nix/store/c52b1v91c7pwxb58z79v2aa1x8bx8dpx-jq-1.7.1-doc"
            },
            {
              "name": "out",
              "path": "/nix/store/i06c1lzmf07gg33mjmfp0564inxplfq5-jq-1.7.1"
            }
          ],
          "store_path": "/nix/store/j6q3c3rzxhv3rz9y821qylgafi3jbsl8-jq-1.7.1-bin"
        },
        "x86_64-darwin": {
          "outputs": [
            {
              "name": "bin",
              "path": "/nix/store/if69q6bw49y67lv9f4bf78cgpf7xrnrb-jq-1.7.1-bin",
              "default": true
            },
            {
              "name": "man",
              "path": "/nix/store/0rsic796c75zmdaa3qw74676dgcibwan-jq-1.7.1-man",
              "default": true
            },
            {
              "name": "dev",
              "path": "/nix/store/38vgg0iqwmhh8shn12ys3wqxv24gkq5n-jq-1.7.1-dev"
            },
            {
              "name": "doc",
              "path": "/nix/store/dvap16zqbcxmil71f6ivbpzx49z7brzx-jq-1.7.1-doc"
            },
            {
              "name": "out",
              "path": "/nix/store/0gw2kw6zkvzg7zlqy4rrgdxjk13yg0z4-jq-1.7.1"
            }
          ],
          "store_path": "/nix/store/if69q6bw49y67lv9f4bf78cgpf7xrnrb-jq-1.7.1-bin"
        },
        "x86_64-linux": {
          "outputs": [
            {
              "name": "bin",
              "path": "/nix/store/n9ch6ggimi6ri5vx62mqmzgrrkb3qfwg-jq-1.7.1-bin",
              "default": true
            },
            {
              "name": "man",
              "path": "/nix/store/2dmx0pgvxjmqywg25rva6cgkz94icnw7-jq-1.7.1-man",
              "default": true
            },
            {
              "name": "dev",
              "path": "/nix/store/yika3khvh871bvk5sgpcxfdbqznyi3w0-jq-1.7.1-dev"
            },
            {
              "name": "doc",
              "path": "/nix/store/97zv95jlfnw4v3k0lyxmkmkqqjhx7np9-jq-1.7.1-doc"
            },
            {
              "name": "out",
              "path": "/nix/store/sdqzcyfy52y0vf10nfsxy3mhv9b2vmkv-jq-1.7.1"
            }
          ],
          "store_path": "/nix/store/n9ch6ggimi6ri5vx62mqmzgrrkb3qfwg-jq-1.7.1-bin"
        }
      }
    },
    "nodejs@22": {
      "last_modified": "2026-08-27T07:16:00Z",
      "plugin_version": "0.0.5",
      "resolved": "github:NixOS/nixpkgs/c27cdad491a991b11ed731760aa2ef8db0cb0410#nodejs_22",
      "source": "devbox-search",
      "version": "22.23.2",
      "systems": {
        "aarch64-darwin": {
          "outputs": [
            {
              "name": "out",
              "path": "/nix/store/6hbiyfa4gzcjr6bnr440nnwznlsaldlc-nodejs-22.23.2",
              "default": true
            }
          ],
          "store_path": "/nix/store/6hbiyfa4gzcjr6bnr440nnwznlsaldlc-nodejs-22.23.2"
        },
        "aarch64-linux": {
          "outputs": [
            {
              "name": "out",
              "path": "/nix/store/v6xnbaql2wc91k13xcfhr60r52ich6bw-nodejs-22.23.2",
              "default": true
            }
          ],
          "store_path": "/nix/store/v6xnbaql2wc91k13xcfhr60r52ich6bw-nodejs-22.23.2"
        },
        "x86_64-linux": {
          "outputs": [
            {
              "name": "out",
              "path": "/nix/store/gf597zf0ysgbngwb92baxgxjd02px6jh-nodejs-22.23.2",
              "default": true
            }
          ],
          "store_path": "/nix/store/gf597zf0ysgbngwb92baxgxjd02px6jh-nodejs-22.23.2"
        }
      }
    },
    "python@3.11": {
      "last_modified": "2026-08-27T07:16:00Z",
      "plugin_version": "0.0.5",
      "resolved": "github:NixOS/nixpkgs/c27cdad491a991b11ed731760aa2ef8db0cb0410#python311",
      "source": "devbox-search",
      "version": "3.11.16",
      "systems": {
        "aarch64-darwin": {
          "outputs": [
            {
              "name": "out",
              "path": "/nix/store/12hwj8pss204k29csg7npwcscskni3ar-python3-3.11.16",
              "default": true
            }
          ],
          "store_path": "/nix/store/12hwj8pss204k29csg7npwcscskni3ar-python3-3.11.16"
        },
        "aarch64-linux": {
          "outputs": [
            {
              "name": "out",
              "path": "/nix/store/rwrb5v1qxwqwnji1g2z6qvi3xw4n0pz4-python3-3.11.16",
              "default": true
            },
            {
              "name": "debug",
              "path": "/nix/store/1ba6x447h7idbnkzdpj3gbicp5637l6l-python3-3.11.16-debug"
            }
          ],
          "store_path": "/nix/store/rwrb5v1qxwqwnji1g2z6qvi3xw4n0pz4-python3-3.11.16"
        },
        "x86_64-linux": {
          "outputs": [
            {
              "name": "out",
              "path": "/nix/store/yprcwha8bf8cag7kzbsiyfa180vm595w-python3-3.11.16",
              "default": true
            },
            {
              "name": "debug",
              "path": "/nix/store/9ra9x3c7dzdkjqzc6v0k15bddmn7zd2x-python3-3.11.16-debug"
            }
          ],
          "store_path": "/nix/store/yprcwha8bf8cag7kzbsiyfa180vm595w-python3-3.11.16"
        }
      }
    },
    "uv": {
      "resolved": "github:NixOS/nixpkgs/a391f95d4557d685fd8e5dc0d4b1f9271aa2f342#uv",
      "source": "nixpkg"
    }
  }
}
